
Microsoft Visual Studio Solution File, Format Version 12.00
# Visual Studio Version 17
VisualStudioVersion = 17.3.32922.545
MinimumVisualStudioVersion = 10.0.40219.1
Project("{FAE04EC0-301F-11D3-BF4B-00C04F79EFBC}") = "VismaTask", "VismaTask\VismaTask.csproj", "{FE073DBA-DDEB-41C3-95BD-F9647FBC842D}"
EndProject
Global
	GlobalSection(SolutionConfigurationPlatforms) = preSolution
		Debug|Any CPU = Debug|Any CPU
		Release|Any CPU = Release|Any CPU
	EndGlobalSection
	GlobalSection(ProjectConfigurationPlatforms) = postSolution
		{FE073DBA-DDEB-41C3-95BD-F9647FBC842D}.Debug|Any CPU.ActiveCfg = Debug|Any CPU
		{FE073DBA-DDEB-41C3-95BD-F9647FBC842D}.Debug|Any CPU.Build.0 = Debug|Any CPU
		{FE073DBA-DDEB-41C3-95BD-F9647FBC842D}.Release|Any CPU.ActiveCfg = Release|Any CPU
		{FE073DBA-DDEB-41C3-95BD-F9647FBC842D}.Release|Any CPU.Build.0 = Release|Any CPU
	EndGlobalSection
	GlobalSection(SolutionProperties) = preSolution
		HideSolutionNode = FALSE
	EndGlobalSection
	GlobalSection(ExtensibilityGlobals) = postSolution
		SolutionGuid = {F1119AC7-AF92-45BE-B87D-E89F2C12A905}
	EndGlobalSection
EndGlobal
